
Microsoft Visual Studio Solution File, Format Version 12.00
# Visual Studio Version 17
VisualStudioVersion = 17.8.34511.84
MinimumVisualStudioVersion = 10.0.40219.1
Project("{FAE04EC0-301F-11D3-BF4B-00C04F79EFBC}") = "WebApplication1", "WebApplication1\WebApplication1.csproj", "{C12FA1C8-D1A0-4503-BE1A-C011D0BA2221}"
EndProject
Global
	GlobalSection(SolutionConfigurationPlatforms) = preSolution
		Debug|Any CPU = Debug|Any CPU
		Release|Any CPU = Release|Any CPU
	EndGlobalSection
	GlobalSection(ProjectConfigurationPlatforms) = postSolution
		{C12FA1C8-D1A0-4503-BE1A-C011D0BA2221}.Debug|Any CPU.ActiveCfg = Debug|Any CPU
		{C12FA1C8-D1A0-4503-BE1A-C011D0BA2221}.Debug|Any CPU.Build.0 = Debug|Any CPU
		{C12FA1C8-D1A0-4503-BE1A-C011D0BA2221}.Release|Any CPU.ActiveCfg = Release|Any CPU
		{C12FA1C8-D1A0-4503-BE1A-C011D0BA2221}.Release|Any CPU.Build.0 = Release|Any CPU
	EndGlobalSection
	GlobalSection(SolutionProperties) = preSolution
		HideSolutionNode = FALSE
	EndGlobalSection
	GlobalSection(ExtensibilityGlobals) = postSolution
		SolutionGuid = {619AA410-523C-4264-85CB-78D90FB482B8}
	EndGlobalSection
EndGlobal
